{
    "name": "stacksdao-sdk",
    "version": "1.0.1",
    "lockfileVersion": 3,
    "requires": true,
    "packages": {
        "": {
            "name": "stacksdao-sdk",
            "version": "1.0.1",
            "license": "MIT",
            "workspaces": [
                "packages/*"
            ],
            "devDependencies": {
                "@types/node": "^20.0.0",
                "typescript": "^5.0.0"
            }
        },
        "node_modules/@stacksdao/auth": {
            "resolved": "packages/auth",
            "link": true
        },
        "node_modules/@stacksdao/cli": {
            "resolved": "packages/cli",
            "link": true
        },
        "node_modules/@stacksdao/constants": {
            "resolved": "packages/constants",
            "link": true
        },
        "node_modules/@stacksdao/contracts": {
            "resolved": "packages/contracts",
            "link": true
        },
        "node_modules/@stacksdao/core": {
            "resolved": "packages/core",
            "link": true
        },
        "node_modules/@stacksdao/dao": {
            "resolved": "packages/dao",
            "link": true
        },
        "node_modules/@stacksdao/errors": {
            "resolved": "packages/errors",
            "link": true
        },
        "node_modules/@stacksdao/events": {
            "resolved": "packages/events",
            "link": true
        },
        "node_modules/@stacksdao/governance-token": {
            "resolved": "packages/governance-token",
            "link": true
        },
        "node_modules/@stacksdao/indexer": {
            "resolved": "packages/indexer",
            "link": true
        },
        "node_modules/@stacksdao/logger": {
            "resolved": "packages/logger",
            "link": true
        },
        "node_modules/@stacksdao/network": {
            "resolved": "packages/network",
            "link": true
        },
        "node_modules/@stacksdao/nextjs": {
            "resolved": "packages/nextjs",
            "link": true
        },
        "node_modules/@stacksdao/nft": {
            "resolved": "packages/nft",
            "link": true
        },
        "node_modules/@stacksdao/queries": {
            "resolved": "packages/queries",
            "link": true
        },
        "node_modules/@stacksdao/react": {
            "resolved": "packages/react",
            "link": true
        },
        "node_modules/@stacksdao/staking": {
            "resolved": "packages/staking",
            "link": true
        },
        "node_modules/@stacksdao/testing": {
            "resolved": "packages/testing",
            "link": true
        },
        "node_modules/@stacksdao/transactions": {
            "resolved": "packages/transactions",
            "link": true
        },
        "node_modules/@stacksdao/types": {
            "resolved": "packages/types",
            "link": true
        },
        "node_modules/@stacksdao/utils": {
            "resolved": "packages/utils",
            "link": true
        },
        "node_modules/@types/node": {
            "version": "20.19.39",
            "resolved": "https://registry.npmjs.org/@types/node/-/node-20.19.39.tgz",
            "integrity": "sha512-orrrD74MBUyK8jOAD/r0+lfa1I2MO6I+vAkmAWzMYbCcgrN4lCrmK52gRFQq/JRxfYPfonkr4b0jcY7Olqdqbw==",
            "dev": true,
            "license": "MIT",
            "dependencies": {
                "undici-types": "~6.21.0"
            }
        },
        "node_modules/typescript": {
            "version": "5.9.3",
            "resolved": "https://registry.npmjs.org/typescript/-/typescript-5.9.3.tgz",
            "integrity": "sha512-jl1vZzPDinLr9eUt3J/t7V6FgNEw9QjvBPdysz9KfQDD41fQrC2Y4vKQdiaUpFT4bXlb1RHhLpp8wtm6M5TgSw==",
            "dev": true,
            "license": "Apache-2.0",
            "bin": {
                "tsc": "bin/tsc",
                "tsserver": "bin/tsserver"
            },
            "engines": {
                "node": ">=14.17"
            }
        },
        "node_modules/undici-types": {
            "version": "6.21.0",
            "resolved": "https://registry.npmjs.org/undici-types/-/undici-types-6.21.0.tgz",
            "integrity": "sha512-iwDZqg0QAGrg9Rav5H4n0M64c3mkR59cJ6wQp+7C4nI0gsmExaedaYLNO44eT4AtBBwjbTiGPMlt2Md0T9H9JQ==",
            "dev": true,
            "license": "MIT"
        },
        "packages/auth": {
            "name": "@stacksdao/auth",
            "version": "1.0.1",
            "license": "MIT"
        },
        "packages/cli": {
            "name": "@stacksdao/cli",
            "version": "1.0.1",
            "license": "MIT"
        },
        "packages/constants": {
            "name": "@stacksdao/constants",
            "version": "1.0.1",
            "license": "MIT"
        },
        "packages/contracts": {
            "name": "@stacksdao/contracts",
            "version": "1.0.1",
            "license": "MIT"
        },
        "packages/core": {
            "name": "@stacksdao/core",
            "version": "1.0.1",
            "license": "MIT"
        },
        "packages/dao": {
            "name": "@stacksdao/dao",
            "version": "1.0.1",
            "license": "MIT"
        },
        "packages/errors": {
            "name": "@stacksdao/errors",
            "version": "1.0.1",
            "license": "MIT"
        },
        "packages/events": {
            "name": "@stacksdao/events",
            "version": "1.0.1",
            "license": "MIT"
        },
        "packages/governance-token": {
            "name": "@stacksdao/governance-token",
            "version": "1.0.1",
            "license": "MIT"
        },
        "packages/indexer": {
            "name": "@stacksdao/indexer",
            "version": "1.0.1",
            "license": "MIT"
        },
        "packages/logger": {
            "name": "@stacksdao/logger",
            "version": "1.0.1",
            "license": "MIT"
        },
        "packages/network": {
            "name": "@stacksdao/network",
            "version": "1.0.1",
            "license": "MIT"
        },
        "packages/nextjs": {
            "name": "@stacksdao/nextjs",
            "version": "1.0.1",
            "license": "MIT"
        },
        "packages/nft": {
            "name": "@stacksdao/nft",
            "version": "1.0.1",
            "license": "MIT"
        },
        "packages/queries": {
            "name": "@stacksdao/queries",
            "version": "1.0.1",
            "license": "MIT"
        },
        "packages/react": {
            "name": "@stacksdao/react",
            "version": "1.0.1",
            "license": "MIT"
        },
        "packages/staking": {
            "name": "@stacksdao/staking",
            "version": "1.0.1",
            "license": "MIT"
        },
        "packages/testing": {
            "name": "@stacksdao/testing",
            "version": "1.0.1",
            "license": "MIT"
        },
        "packages/transactions": {
            "name": "@stacksdao/transactions",
            "version": "1.0.1",
            "license": "MIT"
        },
        "packages/types": {
            "name": "@stacksdao/types",
            "version": "1.0.1",
            "license": "MIT"
        },
        "packages/utils": {
            "name": "@stacksdao/utils",
            "version": "1.0.1",
            "license": "MIT"
        }
    }
}
